
Microsoft Visual Studio Solution File, Format Version 12.00
# Visual Studio Version 17
VisualStudioVersion = 17.5.33424.131
MinimumVisualStudioVersion = 10.0.40219.1
Project("{9A19103F-16F7-4668-BE54-9A1E7A4F7556}") = "PizzaStore", "PizzaStore\PizzaStore.csproj", "{2A2FDE63-2E14-4143-977E-1B5B174F0E9F}"
EndProject
Project("{FAE04EC0-301F-11D3-BF4B-00C04F79EFBC}") = "PizzaStore.Database", "PizzaStore.Database\PizzaStore.Database.csproj", "{4B569C60-162E-47F5-A217-B15E71CF1261}"
EndProject
Project("{FAE04EC0-301F-11D3-BF4B-00C04F79EFBC}") = "PizzaStore.Services", "PizzaStore.Services\PizzaStore.Services.csproj", "{B9CB6FEC-118B-4BF8-926D-A8C9B966AC6C}"
EndProject
Global
	GlobalSection(SolutionConfigurationPlatforms) = preSolution
		Debug|Any CPU = Debug|Any CPU
		Release|Any CPU = Release|Any CPU
	EndGlobalSection
	GlobalSection(ProjectConfigurationPlatforms) = postSolution
		{2A2FDE63-2E14-4143-977E-1B5B174F0E9F}.Debug|Any CPU.ActiveCfg = Debug|Any CPU
		{2A2FDE63-2E14-4143-977E-1B5B174F0E9F}.Debug|Any CPU.Build.0 = Debug|Any CPU
		{2A2FDE63-2E14-4143-977E-1B5B174F0E9F}.Release|Any CPU.ActiveCfg = Release|Any CPU
		{2A2FDE63-2E14-4143-977E-1B5B174F0E9F}.Release|Any CPU.Build.0 = Release|Any CPU
		{4B569C60-162E-47F5-A217-B15E71CF1261}.Debug|Any CPU.ActiveCfg = Debug|Any CPU
		{4B569C60-162E-47F5-A217-B15E71CF1261}.Debug|Any CPU.Build.0 = Debug|Any CPU
		{4B569C60-162E-47F5-A217-B15E71CF1261}.Release|Any CPU.ActiveCfg = Release|Any CPU
		{4B569C60-162E-47F5-A217-B15E71CF1261}.Release|Any CPU.Build.0 = Release|Any CPU
		{B9CB6FEC-118B-4BF8-926D-A8C9B966AC6C}.Debug|Any CPU.ActiveCfg = Debug|Any CPU
		{B9CB6FEC-118B-4BF8-926D-A8C9B966AC6C}.Debug|Any CPU.Build.0 = Debug|Any CPU
		{B9CB6FEC-118B-4BF8-926D-A8C9B966AC6C}.Release|Any CPU.ActiveCfg = Release|Any CPU
		{B9CB6FEC-118B-4BF8-926D-A8C9B966AC6C}.Release|Any CPU.Build.0 = Release|Any CPU
	EndGlobalSection
	GlobalSection(SolutionProperties) = preSolution
		HideSolutionNode = FALSE
	EndGlobalSection
	GlobalSection(ExtensibilityGlobals) = postSolution
		SolutionGuid = {087BC575-ABBA-4B59-8685-86DE16310999}
	EndGlobalSection
EndGlobal
